
Microsoft Visual Studio Solution File, Format Version 12.00
# Visual Studio Version 17
VisualStudioVersion = 17.6.33801.468
MinimumVisualStudioVersion = 10.0.40219.1
Project("{8BC9CEB8-8B4A-11D0-8D11-00A0C91BC942}") = "zadatak1", "zadatak1\zadatak1.vcxproj", "{D32BAD46-DD70-4E8E-82DA-1C209BD75942}"
EndProject
Global
	GlobalSection(SolutionConfigurationPlatforms) = preSolution
		Debug|x64 = Debug|x64
		Debug|x86 = Debug|x86
		Release|x64 = Release|x64
		Release|x86 = Release|x86
	EndGlobalSection
	GlobalSection(ProjectConfigurationPlatforms) = postSolution
		{D32BAD46-DD70-4E8E-82DA-1C209BD75942}.Debug|x64.ActiveCfg = Debug|x64
		{D32BAD46-DD70-4E8E-82DA-1C209BD75942}.Debug|x64.Build.0 = Debug|x64
		{D32BAD46-DD70-4E8E-82DA-1C209BD75942}.Debug|x86.ActiveCfg = Debug|Win32
		{D32BAD46-DD70-4E8E-82DA-1C209BD75942}.Debug|x86.Build.0 = Debug|Win32
		{D32BAD46-DD70-4E8E-82DA-1C209BD75942}.Release|x64.ActiveCfg = Release|x64
		{D32BAD46-DD70-4E8E-82DA-1C209BD75942}.Release|x64.Build.0 = Release|x64
		{D32BAD46-DD70-4E8E-82DA-1C209BD75942}.Release|x86.ActiveCfg = Release|Win32
		{D32BAD46-DD70-4E8E-82DA-1C209BD75942}.Release|x86.Build.0 = Release|Win32
	EndGlobalSection
	GlobalSection(SolutionProperties) = preSolution
		HideSolutionNode = FALSE
	EndGlobalSection
	GlobalSection(ExtensibilityGlobals) = postSolution
		SolutionGuid = {C4A3135C-6F1B-4556-9426-7E13B556CE71}
	EndGlobalSection
EndGlobal
